PODS:
  - AppController (0.7.2)
  - FBSDKCoreKit (11.0.1):
    - FBSDKCoreKit/Core (= 11.0.1)
  - FBSDKCoreKit/Core (11.0.1):
    - FBSDKCoreKit_Basics (~> 11.0.1)
  - FBSDKCoreKit_Basics (11.0.1):
    - FBSDKCoreKit_Basics/Basics (= 11.0.1)
  - FBSDKCoreKit_Basics/Basics (11.0.1)
  - FBSDKLoginKit (11.0.1):
    - FBSDKLoginKit/Login (= 11.0.1)
  - FBSDKLoginKit/Login (11.0.1):
    - FBSDKCoreKit (~> 11.0.1)
    - FBSDKCoreKit_Basics (~> 11.0.1)
  - Firebase/Auth (8.2.0):
    - Firebase/CoreOnly
    - FirebaseAuth (~> 8.2.0)
  - Firebase/Core (8.2.0):
    - Firebase/CoreOnly
    - FirebaseAnalytics (~> 8.2.0)
  - Firebase/CoreOnly (8.2.0):
    - FirebaseCore (= 8.2.0)
  - Firebase/Database (8.2.0):
    - Firebase/CoreOnly
    - FirebaseDatabase (~> 8.2.0)
  - FirebaseAnalytics (8.2.0):
    - FirebaseAnalytics/AdIdSupport (= 8.2.0)
    - FirebaseCore (~> 8.0)
    - FirebaseInstallations (~> 8.0)
    - GoogleUtilities/AppDelegateSwizzler (~> 7.4)
    - GoogleUtilities/MethodSwizzler (~> 7.4)
    - GoogleUtilities/Network (~> 7.4)
    - "GoogleUtilities/NSData+zlib (~> 7.4)"
    - nanopb (~> 2.30908.0)
  - FirebaseAnalytics/AdIdSupport (8.2.0):
    - FirebaseCore (~> 8.0)
    - FirebaseInstallations (~> 8.0)
    - GoogleAppMeasurement (= 8.2.0)
    - GoogleUtilities/AppDelegateSwizzler (~> 7.4)
    - GoogleUtilities/MethodSwizzler (~> 7.4)
    - GoogleUtilities/Network (~> 7.4)
    - "GoogleUtilities/NSData+zlib (~> 7.4)"
    - nanopb (~> 2.30908.0)
  - FirebaseAuth (8.2.0):
    - FirebaseCore (~> 8.0)
    - GoogleUtilities/AppDelegateSwizzler (~> 7.4)
    - GoogleUtilities/Environment (~> 7.4)
    - GTMSessionFetcher/Core (~> 1.5)
  - FirebaseCore (8.2.0):
    - FirebaseCoreDiagnostics (~> 8.0)
    - GoogleUtilities/Environment (~> 7.4)
    - GoogleUtilities/Logger (~> 7.4)
  - FirebaseCoreDiagnostics (8.2.0):
    - GoogleDataTransport (~> 9.0)
    - GoogleUtilities/Environment (~> 7.4)
    - GoogleUtilities/Logger (~> 7.4)
    - nanopb (~> 2.30908.0)
  - FirebaseDatabase (8.2.0):
    - FirebaseCore (~> 8.0)
    - leveldb-library (~> 1.22)
  - FirebaseIdentity (1.3.0):
    - Firebase/Auth
    - Firebase/Core
    - Firebase/Database
    - ProcedureKit
  - FirebaseInstallations (8.2.0):
    - FirebaseCore (~> 8.0)
    - GoogleUtilities/Environment (~> 7.4)
    - GoogleUtilities/UserDefaults (~> 7.4)
    - PromisesObjC (~> 1.2)
  - GoogleAppMeasurement (8.2.0):
    - GoogleAppMeasurement/AdIdSupport (= 8.2.0)
    - GoogleUtilities/AppDelegateSwizzler (~> 7.4)
    - GoogleUtilities/MethodSwizzler (~> 7.4)
    - GoogleUtilities/Network (~> 7.4)
    - "GoogleUtilities/NSData+zlib (~> 7.4)"
    - nanopb (~> 2.30908.0)
  - GoogleAppMeasurement/AdIdSupport (8.2.0):
    - GoogleUtilities/AppDelegateSwizzler (~> 7.4)
    - GoogleUtilities/MethodSwizzler (~> 7.4)
    - GoogleUtilities/Network (~> 7.4)
    - "GoogleUtilities/NSData+zlib (~> 7.4)"
    - nanopb (~> 2.30908.0)
  - GoogleDataTransport (9.0.1):
    - GoogleUtilities/Environment (~> 7.2)
    - nanopb (~> 2.30908.0)
    - PromisesObjC (~> 1.2)
  - GoogleUtilities/AppDelegateSwizzler (7.4.3):
    - GoogleUtilities/Environment
    - GoogleUtilities/Logger
    - GoogleUtilities/Network
  - GoogleUtilities/Environment (7.4.3):
    - PromisesObjC (~> 1.2)
  - GoogleUtilities/Logger (7.4.3):
    - GoogleUtilities/Environment
  - GoogleUtilities/MethodSwizzler (7.4.3):
    - GoogleUtilities/Logger
  - GoogleUtilities/Network (7.4.3):
    - GoogleUtilities/Logger
    - "GoogleUtilities/NSData+zlib"
    - GoogleUtilities/Reachability
  - "GoogleUtilities/NSData+zlib (7.4.3)"
  - GoogleUtilities/Reachability (7.4.3):
    - GoogleUtilities/Logger
  - GoogleUtilities/UserDefaults (7.4.3):
    - GoogleUtilities/Logger
  - GTMSessionFetcher/Core (1.6.1)
  - leveldb-library (1.22.1)
  - nanopb (2.30908.0):
    - nanopb/decode (= 2.30908.0)
    - nanopb/encode (= 2.30908.0)
  - nanopb/decode (2.30908.0)
  - nanopb/encode (2.30908.0)
  - ProcedureKit (5.2.0):
    - ProcedureKit/Standard (= 5.2.0)
  - ProcedureKit/Standard (5.2.0)
  - PromisesObjC (1.2.12)
  - Static (4.0.1)

DEPENDENCIES:
  - AppController
  - FBSDKLoginKit
  - FirebaseIdentity (from `../`)
  - Static

SPEC REPOS:
  trunk:
    - AppController
    - FBSDKCoreKit
    - FBSDKCoreKit_Basics
    - FBSDKLoginKit
    - Firebase
    - FirebaseAnalytics
    - FirebaseAuth
    - FirebaseCore
    - FirebaseCoreDiagnostics
    - FirebaseDatabase
    - FirebaseInstallations
    - GoogleAppMeasurement
    - GoogleDataTransport
    - GoogleUtilities
    - GTMSessionFetcher
    - leveldb-library
    - nanopb
    - ProcedureKit
    - PromisesObjC
    - Static

EXTERNAL SOURCES:
  FirebaseIdentity:
    :path: "../"

SPEC CHECKSUMS:
  AppController: 90974bfc961dba65c73fb675e1a57cc31c2a903d
  FBSDKCoreKit: 38c9e29a3f1436362acacff6486d3a28628c288f
  FBSDKCoreKit_Basics: 06780a4a12e16596bde8406add02c6aa1bf38616
  FBSDKLoginKit: 8243e04c590c38b85c69fcf09d1234514d2475c3
  Firebase: 12c568897b807321964e89d2b263ef4c6cff3db6
  FirebaseAnalytics: 7a744b1e7dc50125cb37714c6bdaea167e412082
  FirebaseAuth: 4c4fb0ba1a169f3acb4aa5b724f7ae7c0999ee44
  FirebaseCore: 3a83f24c3de69ec9f9a426e2598125ea51f3a2ce
  FirebaseCoreDiagnostics: 61384f54989065b15c36b5922b65112e86811d3c
  FirebaseDatabase: 9c231733363229ac26a55ee9ae9031e94cdb9a7d
  FirebaseIdentity: 0a66c41da2b443e7e938263ae0c2b1128ace888b
  FirebaseInstallations: 9394ea09e242bf0816e95ac30e56a9214cc86ced
  GoogleAppMeasurement: b52eafc9dff542d580700e708216568bd2fbf168
  GoogleDataTransport: 04c3e9a480bbcaa2ec3f5d27f1cdeb6a92f20c8d
  GoogleUtilities: 45dbb24a7f351d69d0a601482b39ad6c32e30dab
  GTMSessionFetcher: 36689134877faeb055b27dfa4ccc9ceaa42e029e
  leveldb-library: 50c7b45cbd7bf543c81a468fe557a16ae3db8729
  nanopb: a0ba3315591a9ae0a16a309ee504766e90db0c96
  ProcedureKit: deafeab083a0c5e45e4b02379e0ffa316d03db29
  PromisesObjC: 3113f7f76903778cf4a0586bd1ab89329a0b7b97
  Static: a4ef704ab38e966728ba2e588bcbae9e66c1845e

PODFILE CHECKSUM: bfb7e94f932d2fd50281dc413beb6c9e0005d8f3

COCOAPODS: 1.10.1
