// !$*UTF8*$!
{
	archiveVersion = 1;
	classes = {
	};
	objectVersion = 60;
	objects = {

/* Begin PBXBuildFile section */
		108C867C2223899D00E70F56 /* GoogleService-Info.plist in Resources */ = {isa = PBXBuildFile; fileRef = 108C867B2223899D00E70F56 /* GoogleService-Info.plist */; };
		109C921F28A49C0B000810F4 /* FAccount.swift in Sources */ = {isa = PBXBuildFile; fileRef = 109C921728A49C0B000810F4 /* FAccount.swift */; };
		109C922028A49C0B000810F4 /* FUser.swift in Sources */ = {isa = PBXBuildFile; fileRef = 109C921828A49C0B000810F4 /* FUser.swift */; };
		109C922228A49C0B000810F4 /* SignedOutViewController.swift in Sources */ = {isa = PBXBuildFile; fileRef = 109C921B28A49C0B000810F4 /* SignedOutViewController.swift */; };
		109C922328A49C0B000810F4 /* SignedInViewController.swift in Sources */ = {isa = PBXBuildFile; fileRef = 109C921C28A49C0B000810F4 /* SignedInViewController.swift */; };
		109C922428A49C0B000810F4 /* UIViewController+Alert.swift in Sources */ = {isa = PBXBuildFile; fileRef = 109C921E28A49C0B000810F4 /* UIViewController+Alert.swift */; };
		109F69132B85A5FC00C1A4B7 /* FirebaseIdentity in Frameworks */ = {isa = PBXBuildFile; productRef = 109F69122B85A5FC00C1A4B7 /* FirebaseIdentity */; };
		109F691E2B85A64D00C1A4B7 /* FacebookLogin in Frameworks */ = {isa = PBXBuildFile; productRef = 109F691D2B85A64D00C1A4B7 /* FacebookLogin */; };
		109F69212B85A68600C1A4B7 /* Static in Frameworks */ = {isa = PBXBuildFile; productRef = 109F69202B85A68600C1A4B7 /* Static */; };
		109F69242B85A76300C1A4B7 /* AppController in Frameworks */ = {isa = PBXBuildFile; productRef = 109F69232B85A76300C1A4B7 /* AppController */; };
		10DB27CC2B8590E300F7CCD3 /* AuthManager+Util.swift in Sources */ = {isa = PBXBuildFile; fileRef = 10DB27CB2B8590E300F7CCD3 /* AuthManager+Util.swift */; };
		10DB27CE2B85918800F7CCD3 /* TableViewController.swift in Sources */ = {isa = PBXBuildFile; fileRef = 10DB27CD2B85918800F7CCD3 /* TableViewController.swift */; };
		607FACD61AFB9204008FA782 /* AppDelegate.swift in Sources */ = {isa = PBXBuildFile; fileRef = 607FACD51AFB9204008FA782 /* AppDelegate.swift */; };
		607FACDD1AFB9204008FA782 /* Images.xcassets in Resources */ = {isa = PBXBuildFile; fileRef = 607FACDC1AFB9204008FA782 /* Images.xcassets */; };
		607FACE01AFB9204008FA782 /* LaunchScreen.xib in Resources */ = {isa = PBXBuildFile; fileRef = 607FACDE1AFB9204008FA782 /* LaunchScreen.xib */; };
/* End PBXBuildFile section */

/* Begin PBXFileReference section */
		108C867B2223899D00E70F56 /* GoogleService-Info.plist */ = {isa = PBXFileReference; fileEncoding = 4; lastKnownFileType = text.plist.xml; path = "GoogleService-Info.plist"; sourceTree = "<group>"; };
		109C921728A49C0B000810F4 /* FAccount.swift */ = {isa = PBXFileReference; fileEncoding = 4; lastKnownFileType = sourcecode.swift; path = FAccount.swift; sourceTree = "<group>"; };
		109C921828A49C0B000810F4 /* FUser.swift */ = {isa = PBXFileReference; fileEncoding = 4; lastKnownFileType = sourcecode.swift; path = FUser.swift; sourceTree = "<group>"; };
		109C921B28A49C0B000810F4 /* SignedOutViewController.swift */ = {isa = PBXFileReference; fileEncoding = 4; lastKnownFileType = sourcecode.swift; path = SignedOutViewController.swift; sourceTree = "<group>"; };
		109C921C28A49C0B000810F4 /* SignedInViewController.swift */ = {isa = PBXFileReference; fileEncoding = 4; lastKnownFileType = sourcecode.swift; path = SignedInViewController.swift; sourceTree = "<group>"; };
		109C921E28A49C0B000810F4 /* UIViewController+Alert.swift */ = {isa = PBXFileReference; fileEncoding = 4; lastKnownFileType = sourcecode.swift; path = "UIViewController+Alert.swift"; sourceTree = "<group>"; };
		10DB27CB2B8590E300F7CCD3 /* AuthManager+Util.swift */ = {isa = PBXFileReference; lastKnownFileType = sourcecode.swift; path = "AuthManager+Util.swift"; sourceTree = "<group>"; };
		10DB27CD2B85918800F7CCD3 /* TableViewController.swift */ = {isa = PBXFileReference; fileEncoding = 4; lastKnownFileType = sourcecode.swift; path = TableViewController.swift; sourceTree = "<group>"; };
		607FACD01AFB9204008FA782 /* FirebaseIdentity_Example.app */ = {isa = PBXFileReference; explicitFileType = wrapper.application; includeInIndex = 0; path = FirebaseIdentity_Example.app; sourceTree = BUILT_PRODUCTS_DIR; };
		607FACD41AFB9204008FA782 /* Info.plist */ = {isa = PBXFileReference; lastKnownFileType = text.plist.xml; path = Info.plist; sourceTree = "<group>"; };
		607FACD51AFB9204008FA782 /* AppDelegate.swift */ = {isa = PBXFileReference; lastKnownFileType = sourcecode.swift; path = AppDelegate.swift; sourceTree = "<group>"; };
		607FACDC1AFB9204008FA782 /* Images.xcassets */ = {isa = PBXFileReference; lastKnownFileType = folder.assetcatalog; path = Images.xcassets; sourceTree = "<group>"; };
		607FACDF1AFB9204008FA782 /* Base */ = {isa = PBXFileReference; lastKnownFileType = file.xib; name = Base; path = Base.lproj/LaunchScreen.xib; sourceTree = "<group>"; };
/* End PBXFileReference section */

/* Begin PBXFrameworksBuildPhase section */
		607FACCD1AFB9204008FA782 /* Frameworks */ = {
			isa = PBXFrameworksBuildPhase;
			buildActionMask = 2147483647;
			files = (
				109F69242B85A76300C1A4B7 /* AppController in Frameworks */,
				109F691E2B85A64D00C1A4B7 /* FacebookLogin in Frameworks */,
				109F69132B85A5FC00C1A4B7 /* FirebaseIdentity in Frameworks */,
				109F69212B85A68600C1A4B7 /* Static in Frameworks */,
			);
			runOnlyForDeploymentPostprocessing = 0;
		};
/* End PBXFrameworksBuildPhase section */

/* Begin PBXGroup section */
		109C921628A49C0B000810F4 /* Model */ = {
			isa = PBXGroup;
			children = (
				109C921728A49C0B000810F4 /* FAccount.swift */,
				109C921828A49C0B000810F4 /* FUser.swift */,
			);
			path = Model;
			sourceTree = "<group>";
		};
		109C921928A49C0B000810F4 /* View Controllers */ = {
			isa = PBXGroup;
			children = (
				10DB27CD2B85918800F7CCD3 /* TableViewController.swift */,
				109C921B28A49C0B000810F4 /* SignedOutViewController.swift */,
				109C921C28A49C0B000810F4 /* SignedInViewController.swift */,
			);
			path = "View Controllers";
			sourceTree = "<group>";
		};
		109C921D28A49C0B000810F4 /* Extensions */ = {
			isa = PBXGroup;
			children = (
				109C921E28A49C0B000810F4 /* UIViewController+Alert.swift */,
				10DB27CB2B8590E300F7CCD3 /* AuthManager+Util.swift */,
			);
			path = Extensions;
			sourceTree = "<group>";
		};
		607FACC71AFB9204008FA782 = {
			isa = PBXGroup;
			children = (
				607FACD21AFB9204008FA782 /* Example for FirebaseIdentity */,
				607FACD11AFB9204008FA782 /* Products */,
			);
			sourceTree = "<group>";
		};
		607FACD11AFB9204008FA782 /* Products */ = {
			isa = PBXGroup;
			children = (
				607FACD01AFB9204008FA782 /* FirebaseIdentity_Example.app */,
			);
			name = Products;
			sourceTree = "<group>";
		};
		607FACD21AFB9204008FA782 /* Example for FirebaseIdentity */ = {
			isa = PBXGroup;
			children = (
				108C867B2223899D00E70F56 /* GoogleService-Info.plist */,
				607FACD51AFB9204008FA782 /* AppDelegate.swift */,
				109C921D28A49C0B000810F4 /* Extensions */,
				109C921628A49C0B000810F4 /* Model */,
				109C921928A49C0B000810F4 /* View Controllers */,
				607FACDC1AFB9204008FA782 /* Images.xcassets */,
				607FACDE1AFB9204008FA782 /* LaunchScreen.xib */,
				607FACD31AFB9204008FA782 /* Supporting Files */,
			);
			name = "Example for FirebaseIdentity";
			path = FirebaseIdentity;
			sourceTree = "<group>";
		};
		607FACD31AFB9204008FA782 /* Supporting Files */ = {
			isa = PBXGroup;
			children = (
				607FACD41AFB9204008FA782 /* Info.plist */,
			);
			name = "Supporting Files";
			sourceTree = "<group>";
		};
/* End PBXGroup section */

/* Begin PBXNativeTarget section */
		607FACCF1AFB9204008FA782 /* FirebaseIdentity_Example */ = {
			isa = PBXNativeTarget;
			buildConfigurationList = 607FACEF1AFB9204008FA782 /* Build configuration list for PBXNativeTarget "FirebaseIdentity_Example" */;
			buildPhases = (
				607FACCC1AFB9204008FA782 /* Sources */,
				607FACCD1AFB9204008FA782 /* Frameworks */,
				607FACCE1AFB9204008FA782 /* Resources */,
			);
			buildRules = (
			);
			dependencies = (
			);
			name = FirebaseIdentity_Example;
			packageProductDependencies = (
				109F69122B85A5FC00C1A4B7 /* FirebaseIdentity */,
				109F691D2B85A64D00C1A4B7 /* FacebookLogin */,
				109F69202B85A68600C1A4B7 /* Static */,
				109F69232B85A76300C1A4B7 /* AppController */,
			);
			productName = FirebaseIdentity;
			productReference = 607FACD01AFB9204008FA782 /* FirebaseIdentity_Example.app */;
			productType = "com.apple.product-type.application";
		};
/* End PBXNativeTarget section */

/* Begin PBXProject section */
		607FACC81AFB9204008FA782 /* Project object */ = {
			isa = PBXProject;
			attributes = {
				LastSwiftUpdateCheck = 0830;
				LastUpgradeCheck = 1220;
				ORGANIZATIONNAME = CocoaPods;
				TargetAttributes = {
					607FACCF1AFB9204008FA782 = {
						CreatedOnToolsVersion = 6.3.1;
						DevelopmentTeam = ER4794M7LS;
						LastSwiftMigration = 1030;
					};
				};
			};
			buildConfigurationList = 607FACCB1AFB9204008FA782 /* Build configuration list for PBXProject "FirebaseIdentity" */;
			compatibilityVersion = "Xcode 3.2";
			developmentRegion = en;
			hasScannedForEncodings = 0;
			knownRegions = (
				en,
				Base,
			);
			mainGroup = 607FACC71AFB9204008FA782;
			packageReferences = (
				109F69112B85A5FC00C1A4B7 /* XCLocalSwiftPackageReference ".." */,
				109F69142B85A64D00C1A4B7 /* XCRemoteSwiftPackageReference "facebook-ios-sdk" */,
				109F691F2B85A68600C1A4B7 /* XCRemoteSwiftPackageReference "Static" */,
				109F69222B85A76300C1A4B7 /* XCRemoteSwiftPackageReference "AppController" */,
			);
			productRefGroup = 607FACD11AFB9204008FA782 /* Products */;
			projectDirPath = "";
			projectRoot = "";
			targets = (
				607FACCF1AFB9204008FA782 /* FirebaseIdentity_Example */,
			);
		};
/* End PBXProject section */

/* Begin PBXResourcesBuildPhase section */
		607FACCE1AFB9204008FA782 /* Resources */ = {
			isa = PBXResourcesBuildPhase;
			buildActionMask = 2147483647;
			files = (
				108C867C2223899D00E70F56 /* GoogleService-Info.plist in Resources */,
				607FACE01AFB9204008FA782 /* LaunchScreen.xib in Resources */,
				607FACDD1AFB9204008FA782 /* Images.xcassets in Resources */,
			);
			runOnlyForDeploymentPostprocessing = 0;
		};
/* End PBXResourcesBuildPhase section */

/* Begin PBXSourcesBuildPhase section */
		607FACCC1AFB9204008FA782 /* Sources */ = {
			isa = PBXSourcesBuildPhase;
			buildActionMask = 2147483647;
			files = (
				109C922228A49C0B000810F4 /* SignedOutViewController.swift in Sources */,
				109C922328A49C0B000810F4 /* SignedInViewController.swift in Sources */,
				109C922028A49C0B000810F4 /* FUser.swift in Sources */,
				10DB27CE2B85918800F7CCD3 /* TableViewController.swift in Sources */,
				109C921F28A49C0B000810F4 /* FAccount.swift in Sources */,
				607FACD61AFB9204008FA782 /* AppDelegate.swift in Sources */,
				109C922428A49C0B000810F4 /* UIViewController+Alert.swift in Sources */,
				10DB27CC2B8590E300F7CCD3 /* AuthManager+Util.swift in Sources */,
			);
			runOnlyForDeploymentPostprocessing = 0;
		};
/* End PBXSourcesBuildPhase section */

/* Begin PBXVariantGroup section */
		607FACDE1AFB9204008FA782 /* LaunchScreen.xib */ = {
			isa = PBXVariantGroup;
			children = (
				607FACDF1AFB9204008FA782 /* Base */,
			);
			name = LaunchScreen.xib;
			sourceTree = "<group>";
		};
/* End PBXVariantGroup section */

/* Begin XCBuildConfiguration section */
		607FACED1AFB9204008FA782 /* Debug */ = {
			isa = XCBuildConfiguration;
			buildSettings = {
				ALWAYS_SEARCH_USER_PATHS = NO;
				CLANG_CXX_LANGUAGE_STANDARD = "gnu++0x";
				CLANG_CXX_LIBRARY = "libc++";
				CLANG_ENABLE_MODULES = YES;
				CLANG_ENABLE_OBJC_ARC = YES;
				CLANG_WARN_BLOCK_CAPTURE_AUTORELEASING = YES;
				CLANG_WARN_BOOL_CONVERSION = YES;
				CLANG_WARN_COMMA = YES;
				CLANG_WARN_CONSTANT_CONVERSION = YES;
				CLANG_WARN_DEPRECATED_OBJC_IMPLEMENTATIONS = YES;
				CLANG_WARN_DIRECT_OBJC_ISA_USAGE = YES_ERROR;
				CLANG_WARN_EMPTY_BODY = YES;
				CLANG_WARN_ENUM_CONVERSION = YES;
				CLANG_WARN_INFINITE_RECURSION = YES;
				CLANG_WARN_INT_CONVERSION = YES;
				CLANG_WARN_NON_LITERAL_NULL_CONVERSION = YES;
				CLANG_WARN_OBJC_IMPLICIT_RETAIN_SELF = YES;
				CLANG_WARN_OBJC_LITERAL_CONVERSION = YES;
				CLANG_WARN_OBJC_ROOT_CLASS = YES_ERROR;
				CLANG_WARN_QUOTED_INCLUDE_IN_FRAMEWORK_HEADER = YES;
				CLANG_WARN_RANGE_LOOP_ANALYSIS = YES;
				CLANG_WARN_STRICT_PROTOTYPES = YES;
				CLANG_WARN_SUSPICIOUS_MOVE = YES;
				CLANG_WARN_UNREACHABLE_CODE = YES;
				CLANG_WARN__DUPLICATE_METHOD_MATCH = YES;
				"CODE_SIGN_IDENTITY[sdk=iphoneos*]" = "iPhone Developer";
				COPY_PHASE_STRIP = NO;
				DEBUG_INFORMATION_FORMAT = "dwarf-with-dsym";
				ENABLE_STRICT_OBJC_MSGSEND = YES;
				ENABLE_TESTABILITY = YES;
				GCC_C_LANGUAGE_STANDARD = gnu99;
				GCC_DYNAMIC_NO_PIC = NO;
				GCC_NO_COMMON_BLOCKS = YES;
				GCC_OPTIMIZATION_LEVEL = 0;
				GCC_PREPROCESSOR_DEFINITIONS = (
					"DEBUG=1",
					"$(inherited)",
				);
				GCC_SYMBOLS_PRIVATE_EXTERN = NO;
				GCC_WARN_64_TO_32_BIT_CONVERSION = YES;
				GCC_WARN_ABOUT_RETURN_TYPE = YES_ERROR;
				GCC_WARN_UNDECLARED_SELECTOR = YES;
				GCC_WARN_UNINITIALIZED_AUTOS = YES_AGGRESSIVE;
				GCC_WARN_UNUSED_FUNCTION = YES;
				GCC_WARN_UNUSED_VARIABLE = YES;
				IPHONEOS_DEPLOYMENT_TARGET = 13.0;
				MTL_ENABLE_DEBUG_INFO = YES;
				ONLY_ACTIVE_ARCH = YES;
				SDKROOT = iphoneos;
				SWIFT_OPTIMIZATION_LEVEL = "-Onone";
			};
			name = Debug;
		};
		607FACEE1AFB9204008FA782 /* Release */ = {
			isa = XCBuildConfiguration;
			buildSettings = {
				ALWAYS_SEARCH_USER_PATHS = NO;
				CLANG_CXX_LANGUAGE_STANDARD = "gnu++0x";
				CLANG_CXX_LIBRARY = "libc++";
				CLANG_ENABLE_MODULES = YES;
				CLANG_ENABLE_OBJC_ARC = YES;
				CLANG_WARN_BLOCK_CAPTURE_AUTORELEASING = YES;
				CLANG_WARN_BOOL_CONVERSION = YES;
				CLANG_WARN_COMMA = YES;
				CLANG_WARN_CONSTANT_CONVERSION = YES;
				CLANG_WARN_DEPRECATED_OBJC_IMPLEMENTATIONS = YES;
				CLANG_WARN_DIRECT_OBJC_ISA_USAGE = YES_ERROR;
				CLANG_WARN_EMPTY_BODY = YES;
				CLANG_WARN_ENUM_CONVERSION = YES;
				CLANG_WARN_INFINITE_RECURSION = YES;
				CLANG_WARN_INT_CONVERSION = YES;
				CLANG_WARN_NON_LITERAL_NULL_CONVERSION = YES;
				CLANG_WARN_OBJC_IMPLICIT_RETAIN_SELF = YES;
				CLANG_WARN_OBJC_LITERAL_CONVERSION = YES;
				CLANG_WARN_OBJC_ROOT_CLASS = YES_ERROR;
				CLANG_WARN_QUOTED_INCLUDE_IN_FRAMEWORK_HEADER = YES;
				CLANG_WARN_RANGE_LOOP_ANALYSIS = YES;
				CLANG_WARN_STRICT_PROTOTYPES = YES;
				CLANG_WARN_SUSPICIOUS_MOVE = YES;
				CLANG_WARN_UNREACHABLE_CODE = YES;
				CLANG_WARN__DUPLICATE_METHOD_MATCH = YES;
				"CODE_SIGN_IDENTITY[sdk=iphoneos*]" = "iPhone Developer";
				COPY_PHASE_STRIP = NO;
				DEBUG_INFORMATION_FORMAT = "dwarf-with-dsym";
				ENABLE_NS_ASSERTIONS = NO;
				ENABLE_STRICT_OBJC_MSGSEND = YES;
				GCC_C_LANGUAGE_STANDARD = gnu99;
				GCC_NO_COMMON_BLOCKS = YES;
				GCC_WARN_64_TO_32_BIT_CONVERSION = YES;
				GCC_WARN_ABOUT_RETURN_TYPE = YES_ERROR;
				GCC_WARN_UNDECLARED_SELECTOR = YES;
				GCC_WARN_UNINITIALIZED_AUTOS = YES_AGGRESSIVE;
				GCC_WARN_UNUSED_FUNCTION = YES;
				GCC_WARN_UNUSED_VARIABLE = YES;
				IPHONEOS_DEPLOYMENT_TARGET = 13.0;
				MTL_ENABLE_DEBUG_INFO = NO;
				SDKROOT = iphoneos;
				SWIFT_COMPILATION_MODE = wholemodule;
				SWIFT_OPTIMIZATION_LEVEL = "-O";
				VALIDATE_PRODUCT = YES;
			};
			name = Release;
		};
		607FACF01AFB9204008FA782 /* Debug */ = {
			isa = XCBuildConfiguration;
			buildSettings = {
				ASSETCATALOG_COMPILER_APPICON_NAME = AppIcon;
				DEVELOPMENT_TEAM = ER4794M7LS;
				INFOPLIST_FILE = FirebaseIdentity/Info.plist;
				LD_RUNPATH_SEARCH_PATHS = (
					"$(inherited)",
					"@executable_path/Frameworks",
				);
				MODULE_NAME = ExampleApp;
				PRODUCT_BUNDLE_IDENTIFIER = "org.cocoapods.demo.$(PRODUCT_NAME:rfc1034identifier)";
				PRODUCT_NAME = "$(TARGET_NAME)";
				SWIFT_VERSION = 5.0;
			};
			name = Debug;
		};
		607FACF11AFB9204008FA782 /* Release */ = {
			isa = XCBuildConfiguration;
			buildSettings = {
				ASSETCATALOG_COMPILER_APPICON_NAME = AppIcon;
				DEVELOPMENT_TEAM = ER4794M7LS;
				INFOPLIST_FILE = FirebaseIdentity/Info.plist;
				LD_RUNPATH_SEARCH_PATHS = (
					"$(inherited)",
					"@executable_path/Frameworks",
				);
				MODULE_NAME = ExampleApp;
				PRODUCT_BUNDLE_IDENTIFIER = "org.cocoapods.demo.$(PRODUCT_NAME:rfc1034identifier)";
				PRODUCT_NAME = "$(TARGET_NAME)";
				SWIFT_VERSION = 5.0;
			};
			name = Release;
		};
/* End XCBuildConfiguration section */

/* Begin XCConfigurationList section */
		607FACCB1AFB9204008FA782 /* Build configuration list for PBXProject "FirebaseIdentity" */ = {
			isa = XCConfigurationList;
			buildConfigurations = (
				607FACED1AFB9204008FA782 /* Debug */,
				607FACEE1AFB9204008FA782 /* Release */,
			);
			defaultConfigurationIsVisible = 0;
			defaultConfigurationName = Release;
		};
		607FACEF1AFB9204008FA782 /* Build configuration list for PBXNativeTarget "FirebaseIdentity_Example" */ = {
			isa = XCConfigurationList;
			buildConfigurations = (
				607FACF01AFB9204008FA782 /* Debug */,
				607FACF11AFB9204008FA782 /* Release */,
			);
			defaultConfigurationIsVisible = 0;
			defaultConfigurationName = Release;
		};
/* End XCConfigurationList section */

/* Begin XCLocalSwiftPackageReference section */
		109F69112B85A5FC00C1A4B7 /* XCLocalSwiftPackageReference ".." */ = {
			isa = XCLocalSwiftPackageReference;
			relativePath = ..;
		};
/* End XCLocalSwiftPackageReference section */

/* Begin XCRemoteSwiftPackageReference section */
		109F69142B85A64D00C1A4B7 /* XCRemoteSwiftPackageReference "facebook-ios-sdk" */ = {
			isa = XCRemoteSwiftPackageReference;
			repositoryURL = "https://github.com/facebook/facebook-ios-sdk";
			requirement = {
				kind = upToNextMajorVersion;
				minimumVersion = 14.1.0;
			};
		};
		109F691F2B85A68600C1A4B7 /* XCRemoteSwiftPackageReference "Static" */ = {
			isa = XCRemoteSwiftPackageReference;
			repositoryURL = "https://github.com/venmo/Static";
			requirement = {
				branch = master;
				kind = branch;
			};
		};
		109F69222B85A76300C1A4B7 /* XCRemoteSwiftPackageReference "AppController" */ = {
			isa = XCRemoteSwiftPackageReference;
			repositoryURL = "https://github.com/cgossain/AppController";
			requirement = {
				kind = upToNextMajorVersion;
				minimumVersion = 2.2.0;
			};
		};
/* End XCRemoteSwiftPackageReference section */

/* Begin XCSwiftPackageProductDependency section */
		109F69122B85A5FC00C1A4B7 /* FirebaseIdentity */ = {
			isa = XCSwiftPackageProductDependency;
			productName = FirebaseIdentity;
		};
		109F691D2B85A64D00C1A4B7 /* FacebookLogin */ = {
			isa = XCSwiftPackageProductDependency;
			package = 109F69142B85A64D00C1A4B7 /* XCRemoteSwiftPackageReference "facebook-ios-sdk" */;
			productName = FacebookLogin;
		};
		109F69202B85A68600C1A4B7 /* Static */ = {
			isa = XCSwiftPackageProductDependency;
			package = 109F691F2B85A68600C1A4B7 /* XCRemoteSwiftPackageReference "Static" */;
			productName = Static;
		};
		109F69232B85A76300C1A4B7 /* AppController */ = {
			isa = XCSwiftPackageProductDependency;
			package = 109F69222B85A76300C1A4B7 /* XCRemoteSwiftPackageReference "AppController" */;
			productName = AppController;
		};
/* End XCSwiftPackageProductDependency section */
	};
	rootObject = 607FACC81AFB9204008FA782 /* Project object */;
}
